
Microsoft Visual Studio Solution File, Format Version 12.00
# Visual Studio Version 17
VisualStudioVersion = 17.3.32825.248
MinimumVisualStudioVersion = 10.0.40219.1
Project("{888888A0-9F3D-457C-B088-3A5042F75D52}") = "Winshang_Scraper", "Winshang_Scraper.pyproj", "{A3E2FBBD-F63C-4047-BE2C-E08E0D10E0E2}"
EndProject
Global
	GlobalSection(SolutionConfigurationPlatforms) = preSolution
		Debug|Any CPU = Debug|Any CPU
		Release|Any CPU = Release|Any CPU
	EndGlobalSection
	GlobalSection(ProjectConfigurationPlatforms) = postSolution
		{A3E2FBBD-F63C-4047-BE2C-E08E0D10E0E2}.Debug|Any CPU.ActiveCfg = Debug|Any CPU
		{A3E2FBBD-F63C-4047-BE2C-E08E0D10E0E2}.Release|Any CPU.ActiveCfg = Release|Any CPU
	EndGlobalSection
	GlobalSection(SolutionProperties) = preSolution
		HideSolutionNode = FALSE
	EndGlobalSection
	GlobalSection(ExtensibilityGlobals) = postSolution
		SolutionGuid = {4C6C793D-1653-4A30-8958-3E93CE19B1C4}
	EndGlobalSection
EndGlobal
